<?xml version="1.0" encoding="utf-8"?>
<Project ToolsVersion="4.0" xmlns="http://schemas.microsoft.com/developer/msbuild/2003">
  <ItemGroup>
    <Filter Include="소스 파일">
      <UniqueIdentifier>{4FC737F1-C7A5-4376-A066-2A32D752A2FF}</UniqueIdentifier>
      <Extensions>cpp;c;cc;cxx;def;odl;idl;hpj;bat;asm;asmx</Extensions>
    </Filter>
    <Filter Include="소스 파일\shot_class">
      <UniqueIdentifier>{0b132e60-c3b3-4ceb-9a83-cf7b923976dc}</UniqueIdentifier>
    </Filter>
    <Filter Include="소스 파일\shot_class\effect">
      <UniqueIdentifier>{8d051dc2-c61c-41d5-ba77-4749b0043d1c}</UniqueIdentifier>
    </Filter>
    <Filter Include="소스 파일\unit">
      <UniqueIdentifier>{58582ee8-9521-4e87-81ed-204289c90cd4}</UniqueIdentifier>
    </Filter>
    <Filter Include="소스 파일\unit\monster">
      <UniqueIdentifier>{3f26f1a7-dfa7-4c7d-a87c-1c9e7cbb977e}</UniqueIdentifier>
    </Filter>
    <Filter Include="소스 파일\unit\job">
      <UniqueIdentifier>{da189b1d-a4eb-43d3-89f2-7e85091e4565}</UniqueIdentifier>
    </Filter>
    <Filter Include="소스 파일\item">
      <UniqueIdentifier>{1ac5f35d-cb33-4f38-80b0-af3776d15465}</UniqueIdentifier>
    </Filter>
    <Filter Include="소스 파일\item\main_weapon">
      <UniqueIdentifier>{92918fd6-786e-4ed5-8d3c-97d13cede3d2}</UniqueIdentifier>
    </Filter>
    <Filter Include="소스 파일\item\sub_weapon">
      <UniqueIdentifier>{e6519ea2-7594-4ee2-b596-7cd90214cf50}</UniqueIdentifier>
    </Filter>
    <Filter Include="소스 파일\item\melee_weapon">
      <UniqueIdentifier>{673bdbcc-ed19-4c1f-8d20-9194435c866f}</UniqueIdentifier>
    </Filter>
    <Filter Include="소스 파일\item\instant">
      <UniqueIdentifier>{c949814a-b47b-4674-9682-ffc03e3c0d24}</UniqueIdentifier>
    </Filter>
    <Filter Include="소스 파일\item\other">
      <UniqueIdentifier>{870c5b24-90d8-45b1-9785-16fbbc1513be}</UniqueIdentifier>
    </Filter>
    <Filter Include="소스 파일\manager">
      <UniqueIdentifier>{4360ec17-0845-4716-bc84-3815281635c2}</UniqueIdentifier>
    </Filter>
    <Filter Include="소스 파일\manager\stage">
      <UniqueIdentifier>{db789bec-efff-4bf7-bafd-96e17725db76}</UniqueIdentifier>
    </Filter>
    <Filter Include="소스 파일\image">
      <UniqueIdentifier>{94a3bacc-550d-4aed-b809-70dc4df9fba3}</UniqueIdentifier>
    </Filter>
    <Filter Include="소스 파일\profiler">
      <UniqueIdentifier>{acc6eb73-09a4-4064-956a-f632c78ef68d}</UniqueIdentifier>
    </Filter>
    <Filter Include="소스 파일\other">
      <UniqueIdentifier>{5ab381ac-5470-4f2c-9925-47ef459938fd}</UniqueIdentifier>
    </Filter>
    <Filter Include="소스 파일\ability">
      <UniqueIdentifier>{33886105-af13-4a40-8159-06b7bb05a761}</UniqueIdentifier>
    </Filter>
    <Filter Include="소스 파일\ability\passive">
      <UniqueIdentifier>{f045005e-520a-4b55-81f8-9c4c9c37769e}</UniqueIdentifier>
    </Filter>
    <Filter Include="소스 파일\ability\use">
      <UniqueIdentifier>{cf193944-262c-4882-9fcf-0305ee20b7cd}</UniqueIdentifier>
    </Filter>
    <Filter Include="소스 파일\map">
      <UniqueIdentifier>{8bb58968-34b9-472e-ac8f-2431814f46fa}</UniqueIdentifier>
    </Filter>
    <Filter Include="헤더 파일">
      <UniqueIdentifier>{93995380-89BD-4b04-88EB-625FBE52EBFB}</UniqueIdentifier>
      <Extensions>h;hpp;hxx;hm;inl;inc;xsd</Extensions>
    </Filter>
    <Filter Include="헤더 파일\shot_class">
      <UniqueIdentifier>{ceafe7f6-612a-4ebc-9ad8-729703be60c5}</UniqueIdentifier>
    </Filter>
    <Filter Include="헤더 파일\shot_class\effect">
      <UniqueIdentifier>{aab2eceb-8f76-4861-90a2-7838e8bdffaa}</UniqueIdentifier>
    </Filter>
    <Filter Include="헤더 파일\unit">
      <UniqueIdentifier>{4476b32f-fa1f-4945-bde6-e97fb79f0a81}</UniqueIdentifier>
    </Filter>
    <Filter Include="헤더 파일\unit\monster">
      <UniqueIdentifier>{fbf54cce-5488-4874-b534-04920f76a60f}</UniqueIdentifier>
    </Filter>
    <Filter Include="헤더 파일\unit\job">
      <UniqueIdentifier>{155ab8d7-93e5-4ef0-b117-c18e69036721}</UniqueIdentifier>
    </Filter>
    <Filter Include="헤더 파일\item">
      <UniqueIdentifier>{663c0d1a-dabc-488f-a5a7-373578502fe1}</UniqueIdentifier>
    </Filter>
    <Filter Include="헤더 파일\item\main_weapon">
      <UniqueIdentifier>{8662cedc-a933-49a8-a3e9-fec85573d760}</UniqueIdentifier>
    </Filter>
    <Filter Include="헤더 파일\item\sub_weapon">
      <UniqueIdentifier>{4e3fbb4a-a23a-48f1-981b-82fb94e9c901}</UniqueIdentifier>
    </Filter>
    <Filter Include="헤더 파일\item\melee_weapon">
      <UniqueIdentifier>{241f1929-86da-4694-858c-c01980a148f1}</UniqueIdentifier>
    </Filter>
    <Filter Include="헤더 파일\item\instant">
      <UniqueIdentifier>{d0a30239-ccb3-4334-bb1a-88dcbe4bd616}</UniqueIdentifier>
    </Filter>
    <Filter Include="헤더 파일\item\other">
      <UniqueIdentifier>{d14f5c22-c9c1-4591-8964-0b1003d9e2b8}</UniqueIdentifier>
    </Filter>
    <Filter Include="헤더 파일\map">
      <UniqueIdentifier>{a393e98d-cf7f-422c-b7bc-065e71d2f888}</UniqueIdentifier>
    </Filter>
    <Filter Include="헤더 파일\image">
      <UniqueIdentifier>{27fdb639-f737-4468-9193-7a2613e7839b}</UniqueIdentifier>
    </Filter>
    <Filter Include="헤더 파일\profiler">
      <UniqueIdentifier>{3821b86f-f855-43a4-804b-4582cfa2896b}</UniqueIdentifier>
    </Filter>
    <Filter Include="헤더 파일\other">
      <UniqueIdentifier>{9b8ea6df-5e30-4a8f-aa1b-08d8b7a30e57}</UniqueIdentifier>
    </Filter>
    <Filter Include="헤더 파일\ability">
      <UniqueIdentifier>{cc4eeba2-a9aa-4a6b-9256-fa3fd257fc0b}</UniqueIdentifier>
    </Filter>
    <Filter Include="헤더 파일\ability\passive">
      <UniqueIdentifier>{cea54805-debe-45c5-9f02-428876270881}</UniqueIdentifier>
    </Filter>
    <Filter Include="헤더 파일\ability\use">
      <UniqueIdentifier>{8e90d6b1-b161-4823-9511-7e02db513c3e}</UniqueIdentifier>
    </Filter>
    <Filter Include="헤더 파일\manager">
      <UniqueIdentifier>{665e9cb6-5e6f-47bf-8192-93e1ff3f5447}</UniqueIdentifier>
    </Filter>
    <Filter Include="리소스 파일">
      <UniqueIdentifier>{67DA6AB6-F800-4c08-8B7A-83BB121AAD01}</UniqueIdentifier>
      <Extensions>rc;ico;cur;bmp;dlg;rc2;rct;bin;rgs;gif;jpg;jpeg;jpe;resx;tiff;tif;png;wav</Extensions>
    </Filter>
  </ItemGroup>
  <ItemGroup>
    <ClCompile Include="main.cpp">
      <Filter>소스 파일</Filter>
    </ClCompile>
    <ClCompile Include="shot_base.cpp">
      <Filter>소스 파일\shot_class</Filter>
    </ClCompile>
    <ClCompile Include="shot_base_fire.cpp">
      <Filter>소스 파일\shot_class</Filter>
    </ClCompile>
    <ClCompile Include="shot_base_grenade.cpp">
      <Filter>소스 파일\shot_class</Filter>
    </ClCompile>
    <ClCompile Include="shot_base_gun.cpp">
      <Filter>소스 파일\shot_class</Filter>
    </ClCompile>
    <ClCompile Include="shot_base_melee.cpp">
      <Filter>소스 파일\shot_class</Filter>
    </ClCompile>
    <ClCompile Include="shot_base_missile.cpp">
      <Filter>소스 파일\shot_class</Filter>
    </ClCompile>
    <ClCompile Include="shot_base_net.cpp">
      <Filter>소스 파일\shot_class</Filter>
    </ClCompile>
    <ClCompile Include="effect_message.cpp">
      <Filter>소스 파일\shot_class\effect</Filter>
    </ClCompile>
    <ClCompile Include="effect_piece.cpp">
      <Filter>소스 파일\shot_class\effect</Filter>
    </ClCompile>
    <ClCompile Include="ai.cpp">
      <Filter>소스 파일\unit</Filter>
    </ClCompile>
    <ClCompile Include="char_make.cpp">
      <Filter>소스 파일\unit</Filter>
    </ClCompile>
    <ClCompile Include="player.cpp">
      <Filter>소스 파일\unit</Filter>
    </ClCompile>
    <ClCompile Include="unit.cpp">
      <Filter>소스 파일\unit</Filter>
    </ClCompile>
    <ClCompile Include="box.cpp">
      <Filter>소스 파일\unit\monster</Filter>
    </ClCompile>
    <ClCompile Include="burrow.cpp">
      <Filter>소스 파일\unit\monster</Filter>
    </ClCompile>
    <ClCompile Include="mon_bug_bomb.cpp">
      <Filter>소스 파일\unit\monster</Filter>
    </ClCompile>
    <ClCompile Include="mon_bug_fly.cpp">
      <Filter>소스 파일\unit\monster</Filter>
    </ClCompile>
    <ClCompile Include="mon_hunter.cpp">
      <Filter>소스 파일\unit\monster</Filter>
    </ClCompile>
    <ClCompile Include="monster.cpp">
      <Filter>소스 파일\unit\monster</Filter>
    </ClCompile>
    <ClCompile Include="monster_list.cpp">
      <Filter>소스 파일\unit\monster</Filter>
    </ClCompile>
    <ClCompile Include="job.cpp">
      <Filter>소스 파일\unit\job</Filter>
    </ClCompile>
    <ClCompile Include="job_artillery.cpp">
      <Filter>소스 파일\unit\job</Filter>
    </ClCompile>
    <ClCompile Include="job_assassin.cpp">
      <Filter>소스 파일\unit\job</Filter>
    </ClCompile>
    <ClCompile Include="job_deserter.cpp">
      <Filter>소스 파일\unit\job</Filter>
    </ClCompile>
    <ClCompile Include="job_hunter.cpp">
      <Filter>소스 파일\unit\job</Filter>
    </ClCompile>
    <ClCompile Include="job_pyro.cpp">
      <Filter>소스 파일\unit\job</Filter>
    </ClCompile>
    <ClCompile Include="job_stalker.cpp">
      <Filter>소스 파일\unit\job</Filter>
    </ClCompile>
    <ClCompile Include="item.cpp">
      <Filter>소스 파일\item</Filter>
    </ClCompile>
    <ClCompile Include="bazooka.cpp">
      <Filter>소스 파일\item\main_weapon</Filter>
    </ClCompile>
    <ClCompile Include="fire.cpp">
      <Filter>소스 파일\item\main_weapon</Filter>
    </ClCompile>
    <ClCompile Include="main_weapon.cpp">
      <Filter>소스 파일\item\main_weapon</Filter>
    </ClCompile>
    <ClCompile Include="main_weapon_list.cpp">
      <Filter>소스 파일\item\main_weapon</Filter>
    </ClCompile>
    <ClCompile Include="rifle.cpp">
      <Filter>소스 파일\item\main_weapon</Filter>
    </ClCompile>
    <ClCompile Include="grenade.cpp">
      <Filter>소스 파일\item\sub_weapon</Filter>
    </ClCompile>
    <ClCompile Include="kevlar.cpp">
      <Filter>소스 파일\item\sub_weapon</Filter>
    </ClCompile>
    <ClCompile Include="net.cpp">
      <Filter>소스 파일\item\sub_weapon</Filter>
    </ClCompile>
    <ClCompile Include="sub_weapon.cpp">
      <Filter>소스 파일\item\sub_weapon</Filter>
    </ClCompile>
    <ClCompile Include="sub_weapon_list.cpp">
      <Filter>소스 파일\item\sub_weapon</Filter>
    </ClCompile>
    <ClCompile Include="melee_weapon.cpp">
      <Filter>소스 파일\item\melee_weapon</Filter>
    </ClCompile>
    <ClCompile Include="melee_weapon_list.cpp">
      <Filter>소스 파일\item\melee_weapon</Filter>
    </ClCompile>
    <ClCompile Include="instant_list.cpp">
      <Filter>소스 파일\item\instant</Filter>
    </ClCompile>
    <ClCompile Include="item_bullet.cpp">
      <Filter>소스 파일\item\instant</Filter>
    </ClCompile>
    <ClCompile Include="item_heal.cpp">
      <Filter>소스 파일\item\instant</Filter>
    </ClCompile>
    <ClCompile Include="portal.cpp">
      <Filter>소스 파일\item\other</Filter>
    </ClCompile>
    <ClCompile Include="d3dx_class.cpp">
      <Filter>소스 파일\manager</Filter>
    </ClCompile>
    <ClCompile Include="gamemanager.cpp">
      <Filter>소스 파일\manager</Filter>
    </ClCompile>
    <ClCompile Include="keyinput.cpp">
      <Filter>소스 파일\manager</Filter>
    </ClCompile>
    <ClCompile Include="window_class.cpp">
      <Filter>소스 파일\manager</Filter>
    </ClCompile>
    <ClCompile Include="stage.cpp">
      <Filter>소스 파일\manager\stage</Filter>
    </ClCompile>
    <ClCompile Include="image.cpp">
      <Filter>소스 파일\image</Filter>
    </ClCompile>
    <ClCompile Include="texture_const.cpp">
      <Filter>소스 파일\image</Filter>
    </ClCompile>
    <ClCompile Include="profiler.cpp">
      <Filter>소스 파일\profiler</Filter>
    </ClCompile>
    <ClCompile Include="coord_def.cpp">
      <Filter>소스 파일\other</Filter>
    </ClCompile>
    <ClCompile Include="font.cpp">
      <Filter>소스 파일\other</Filter>
    </ClCompile>
    <ClCompile Include="FPS.cpp">
      <Filter>소스 파일\other</Filter>
    </ClCompile>
    <ClCompile Include="FSM.cpp">
      <Filter>소스 파일\other</Filter>
    </ClCompile>
    <ClCompile Include="random.cpp">
      <Filter>소스 파일\other</Filter>
    </ClCompile>
    <ClCompile Include="sound.cpp">
      <Filter>소스 파일\other</Filter>
    </ClCompile>
    <ClCompile Include="ability.cpp">
      <Filter>소스 파일\ability</Filter>
    </ClCompile>
    <ClCompile Include="abil_antiexplosion.cpp">
      <Filter>소스 파일\ability\passive</Filter>
    </ClCompile>
    <ClCompile Include="abil_bare.cpp">
      <Filter>소스 파일\ability\passive</Filter>
    </ClCompile>
    <ClCompile Include="abil_bazooka.cpp">
      <Filter>소스 파일\ability\passive</Filter>
    </ClCompile>
    <ClCompile Include="abil_bullet.cpp">
      <Filter>소스 파일\ability\passive</Filter>
    </ClCompile>
    <ClCompile Include="abil_dex.cpp">
      <Filter>소스 파일\ability\passive</Filter>
    </ClCompile>
    <ClCompile Include="abil_fast_portal.cpp">
      <Filter>소스 파일\ability\passive</Filter>
    </ClCompile>
    <ClCompile Include="abil_fire.cpp">
      <Filter>소스 파일\ability\passive</Filter>
    </ClCompile>
    <ClCompile Include="abil_flame.cpp">
      <Filter>소스 파일\ability\passive</Filter>
    </ClCompile>
    <ClCompile Include="abil_health.cpp">
      <Filter>소스 파일\ability\passive</Filter>
    </ClCompile>
    <ClCompile Include="abil_knife.cpp">
      <Filter>소스 파일\ability\passive</Filter>
    </ClCompile>
    <ClCompile Include="abil_knowledge.cpp">
      <Filter>소스 파일\ability\passive</Filter>
    </ClCompile>
    <ClCompile Include="abil_live.cpp">
      <Filter>소스 파일\ability\passive</Filter>
    </ClCompile>
    <ClCompile Include="abil_moonwalk.cpp">
      <Filter>소스 파일\ability\passive</Filter>
    </ClCompile>
    <ClCompile Include="abil_pistol.cpp">
      <Filter>소스 파일\ability\passive</Filter>
    </ClCompile>
    <ClCompile Include="abil_rifle.cpp">
      <Filter>소스 파일\ability\passive</Filter>
    </ClCompile>
    <ClCompile Include="abil_see_sight.cpp">
      <Filter>소스 파일\ability\passive</Filter>
    </ClCompile>
    <ClCompile Include="abil_shot_gun.cpp">
      <Filter>소스 파일\ability\passive</Filter>
    </ClCompile>
    <ClCompile Include="abil_sight.cpp">
      <Filter>소스 파일\ability\passive</Filter>
    </ClCompile>
    <ClCompile Include="abil_state_view.cpp">
      <Filter>소스 파일\ability\passive</Filter>
    </ClCompile>
    <ClCompile Include="abil_tool.cpp">
      <Filter>소스 파일\ability\passive</Filter>
    </ClCompile>
    <ClCompile Include="abil_invisible.cpp">
      <Filter>소스 파일\ability\use</Filter>
    </ClCompile>
    <ClCompile Include="abil_run.cpp">
      <Filter>소스 파일\ability\use</Filter>
    </ClCompile>
    <ClCompile Include="Astar.cpp">
      <Filter>소스 파일\map</Filter>
    </ClCompile>
    <ClCompile Include="bitrect.cpp">
      <Filter>소스 파일\map</Filter>
    </ClCompile>
    <ClCompile Include="map.cpp">
      <Filter>소스 파일\map</Filter>
    </ClCompile>
    <ClCompile Include="map_make.cpp">
      <Filter>소스 파일\map</Filter>
    </ClCompile>
    <ClCompile Include="mini_map.cpp">
      <Filter>소스 파일\map</Filter>
    </ClCompile>
    <ClCompile Include="rect.cpp">
      <Filter>소스 파일\map</Filter>
    </ClCompile>
  </ItemGroup>
  <ItemGroup>
    <ClInclude Include="shot_base.h">
      <Filter>헤더 파일\shot_class</Filter>
    </ClInclude>
    <ClInclude Include="shot_base_fire.h">
      <Filter>헤더 파일\shot_class</Filter>
    </ClInclude>
    <ClInclude Include="shot_base_grenade.h">
      <Filter>헤더 파일\shot_class</Filter>
    </ClInclude>
    <ClInclude Include="shot_base_gun.h">
      <Filter>헤더 파일\shot_class</Filter>
    </ClInclude>
    <ClInclude Include="shot_base_melee.h">
      <Filter>헤더 파일\shot_class</Filter>
    </ClInclude>
    <ClInclude Include="shot_base_missile.h">
      <Filter>헤더 파일\shot_class</Filter>
    </ClInclude>
    <ClInclude Include="shot_base_net.h">
      <Filter>헤더 파일\shot_class</Filter>
    </ClInclude>
    <ClInclude Include="effect_message.h">
      <Filter>헤더 파일\shot_class\effect</Filter>
    </ClInclude>
    <ClInclude Include="effect_piece.h">
      <Filter>헤더 파일\shot_class\effect</Filter>
    </ClInclude>
    <ClInclude Include="ai.h">
      <Filter>헤더 파일\unit</Filter>
    </ClInclude>
    <ClInclude Include="char_make.h">
      <Filter>헤더 파일\unit</Filter>
    </ClInclude>
    <ClInclude Include="player.h">
      <Filter>헤더 파일\unit</Filter>
    </ClInclude>
    <ClInclude Include="unit.h">
      <Filter>헤더 파일\unit</Filter>
    </ClInclude>
    <ClInclude Include="box.h">
      <Filter>헤더 파일\unit\monster</Filter>
    </ClInclude>
    <ClInclude Include="burrow.h">
      <Filter>헤더 파일\unit\monster</Filter>
    </ClInclude>
    <ClInclude Include="mon_bug_bomb.h">
      <Filter>헤더 파일\unit\monster</Filter>
    </ClInclude>
    <ClInclude Include="mon_bug_fly.h">
      <Filter>헤더 파일\unit\monster</Filter>
    </ClInclude>
    <ClInclude Include="mon_hunter.h">
      <Filter>헤더 파일\unit\monster</Filter>
    </ClInclude>
    <ClInclude Include="monster.h">
      <Filter>헤더 파일\unit\monster</Filter>
    </ClInclude>
    <ClInclude Include="monster_list.h">
      <Filter>헤더 파일\unit\monster</Filter>
    </ClInclude>
    <ClInclude Include="job.h">
      <Filter>헤더 파일\unit\job</Filter>
    </ClInclude>
    <ClInclude Include="job_artillery.h">
      <Filter>헤더 파일\unit\job</Filter>
    </ClInclude>
    <ClInclude Include="job_assassin.h">
      <Filter>헤더 파일\unit\job</Filter>
    </ClInclude>
    <ClInclude Include="job_deserter.h">
      <Filter>헤더 파일\unit\job</Filter>
    </ClInclude>
    <ClInclude Include="job_hunter.h">
      <Filter>헤더 파일\unit\job</Filter>
    </ClInclude>
    <ClInclude Include="job_pyro.h">
      <Filter>헤더 파일\unit\job</Filter>
    </ClInclude>
    <ClInclude Include="job_stalker.h">
      <Filter>헤더 파일\unit\job</Filter>
    </ClInclude>
    <ClInclude Include="item.h">
      <Filter>헤더 파일\item</Filter>
    </ClInclude>
    <ClInclude Include="bazooka.h">
      <Filter>헤더 파일\item\main_weapon</Filter>
    </ClInclude>
    <ClInclude Include="fire.h">
      <Filter>헤더 파일\item\main_weapon</Filter>
    </ClInclude>
    <ClInclude Include="main_weapon.h">
      <Filter>헤더 파일\item\main_weapon</Filter>
    </ClInclude>
    <ClInclude Include="main_weapon_list.h">
      <Filter>헤더 파일\item\main_weapon</Filter>
    </ClInclude>
    <ClInclude Include="rifle.h">
      <Filter>헤더 파일\item\main_weapon</Filter>
    </ClInclude>
    <ClInclude Include="grenade.h">
      <Filter>헤더 파일\item\sub_weapon</Filter>
    </ClInclude>
    <ClInclude Include="kevlar.h">
      <Filter>헤더 파일\item\sub_weapon</Filter>
    </ClInclude>
    <ClInclude Include="net.h">
      <Filter>헤더 파일\item\sub_weapon</Filter>
    </ClInclude>
    <ClInclude Include="sub_weapon.h">
      <Filter>헤더 파일\item\sub_weapon</Filter>
    </ClInclude>
    <ClInclude Include="sub_weapon_list.h">
      <Filter>헤더 파일\item\sub_weapon</Filter>
    </ClInclude>
    <ClInclude Include="melee_weapon.h">
      <Filter>헤더 파일\item\melee_weapon</Filter>
    </ClInclude>
    <ClInclude Include="melee_weapon_list.h">
      <Filter>헤더 파일\item\melee_weapon</Filter>
    </ClInclude>
    <ClInclude Include="instant_list.h">
      <Filter>헤더 파일\item\instant</Filter>
    </ClInclude>
    <ClInclude Include="item_bullet.h">
      <Filter>헤더 파일\item\instant</Filter>
    </ClInclude>
    <ClInclude Include="item_heal.h">
      <Filter>헤더 파일\item\instant</Filter>
    </ClInclude>
    <ClInclude Include="portal.h">
      <Filter>헤더 파일\item\other</Filter>
    </ClInclude>
    <ClInclude Include="Astar.h">
      <Filter>헤더 파일\map</Filter>
    </ClInclude>
    <ClInclude Include="bitrect.h">
      <Filter>헤더 파일\map</Filter>
    </ClInclude>
    <ClInclude Include="map.h">
      <Filter>헤더 파일\map</Filter>
    </ClInclude>
    <ClInclude Include="map_make.h">
      <Filter>헤더 파일\map</Filter>
    </ClInclude>
    <ClInclude Include="mini_map.h">
      <Filter>헤더 파일\map</Filter>
    </ClInclude>
    <ClInclude Include="rect.h">
      <Filter>헤더 파일\map</Filter>
    </ClInclude>
    <ClInclude Include="image.h">
      <Filter>헤더 파일\image</Filter>
    </ClInclude>
    <ClInclude Include="texture_const.h">
      <Filter>헤더 파일\image</Filter>
    </ClInclude>
    <ClInclude Include="texture_list.h">
      <Filter>헤더 파일\image</Filter>
    </ClInclude>
    <ClInclude Include="profiler.h">
      <Filter>헤더 파일\profiler</Filter>
    </ClInclude>
    <ClInclude Include="coord_def.h">
      <Filter>헤더 파일\other</Filter>
    </ClInclude>
    <ClInclude Include="damage.h">
      <Filter>헤더 파일\other</Filter>
    </ClInclude>
    <ClInclude Include="font.h">
      <Filter>헤더 파일\other</Filter>
    </ClInclude>
    <ClInclude Include="FPS.h">
      <Filter>헤더 파일\other</Filter>
    </ClInclude>
    <ClInclude Include="FSM.h">
      <Filter>헤더 파일\other</Filter>
    </ClInclude>
    <ClInclude Include="random.h">
      <Filter>헤더 파일\other</Filter>
    </ClInclude>
    <ClInclude Include="sound.h">
      <Filter>헤더 파일\other</Filter>
    </ClInclude>
    <ClInclude Include="ability.h">
      <Filter>헤더 파일\ability</Filter>
    </ClInclude>
    <ClInclude Include="abil_antiexplosion.h">
      <Filter>헤더 파일\ability\passive</Filter>
    </ClInclude>
    <ClInclude Include="abil_bare.h">
      <Filter>헤더 파일\ability\passive</Filter>
    </ClInclude>
    <ClInclude Include="abil_bazooka.h">
      <Filter>헤더 파일\ability\passive</Filter>
    </ClInclude>
    <ClInclude Include="abil_bullet.h">
      <Filter>헤더 파일\ability\passive</Filter>
    </ClInclude>
    <ClInclude Include="abil_dex.h">
      <Filter>헤더 파일\ability\passive</Filter>
    </ClInclude>
    <ClInclude Include="abil_fast_portal.h">
      <Filter>헤더 파일\ability\passive</Filter>
    </ClInclude>
    <ClInclude Include="abil_fire.h">
      <Filter>헤더 파일\ability\passive</Filter>
    </ClInclude>
    <ClInclude Include="abil_flame.h">
      <Filter>헤더 파일\ability\passive</Filter>
    </ClInclude>
    <ClInclude Include="abil_health.h">
      <Filter>헤더 파일\ability\passive</Filter>
    </ClInclude>
    <ClInclude Include="abil_knife.h">
      <Filter>헤더 파일\ability\passive</Filter>
    </ClInclude>
    <ClInclude Include="abil_knowledge.h">
      <Filter>헤더 파일\ability\passive</Filter>
    </ClInclude>
    <ClInclude Include="abil_live.h">
      <Filter>헤더 파일\ability\passive</Filter>
    </ClInclude>
    <ClInclude Include="abil_moonwalk.h">
      <Filter>헤더 파일\ability\passive</Filter>
    </ClInclude>
    <ClInclude Include="abil_pistol.h">
      <Filter>헤더 파일\ability\passive</Filter>
    </ClInclude>
    <ClInclude Include="abil_rifle.h">
      <Filter>헤더 파일\ability\passive</Filter>
    </ClInclude>
    <ClInclude Include="abil_see_sight.h">
      <Filter>헤더 파일\ability\passive</Filter>
    </ClInclude>
    <ClInclude Include="abil_shot_gun.h">
      <Filter>헤더 파일\ability\passive</Filter>
    </ClInclude>
    <ClInclude Include="abil_sight.h">
      <Filter>헤더 파일\ability\passive</Filter>
    </ClInclude>
    <ClInclude Include="abil_state_view.h">
      <Filter>헤더 파일\ability\passive</Filter>
    </ClInclude>
    <ClInclude Include="abil_tool.h">
      <Filter>헤더 파일\ability\passive</Filter>
    </ClInclude>
    <ClInclude Include="abil_invisible.h">
      <Filter>헤더 파일\ability\use</Filter>
    </ClInclude>
    <ClInclude Include="abil_run.h">
      <Filter>헤더 파일\ability\use</Filter>
    </ClInclude>
    <ClInclude Include="d3dx_class.h">
      <Filter>헤더 파일\manager</Filter>
    </ClInclude>
    <ClInclude Include="gamemanager.h">
      <Filter>헤더 파일\manager</Filter>
    </ClInclude>
    <ClInclude Include="keyinput.h">
      <Filter>헤더 파일\manager</Filter>
    </ClInclude>
    <ClInclude Include="window_class.h">
      <Filter>헤더 파일\manager</Filter>
    </ClInclude>
  </ItemGroup>
</Project>